
Microsoft Visual Studio Solution File, Format Version 12.00
# Visual Studio Version 17
VisualStudioVersion = 17.6.33829.357
MinimumVisualStudioVersion = 10.0.40219.1
Project("{FAE04EC0-301F-11D3-BF4B-00C04F79EFBC}") = "HealthCare Plus", "HealthCare Plus.csproj", "{86DE3C40-8B64-4043-9FFD-363E104400BA}"
EndProject
Global
	GlobalSection(SolutionConfigurationPlatforms) = preSolution
		Debug|Any CPU = Debug|Any CPU
		Release|Any CPU = Release|Any CPU
	EndGlobalSection
	GlobalSection(ProjectConfigurationPlatforms) = postSolution
		{86DE3C40-8B64-4043-9FFD-363E104400BA}.Debug|Any CPU.ActiveCfg = Debug|Any CPU
		{86DE3C40-8B64-4043-9FFD-363E104400BA}.Debug|Any CPU.Build.0 = Debug|Any CPU
		{86DE3C40-8B64-4043-9FFD-363E104400BA}.Release|Any CPU.ActiveCfg = Release|Any CPU
		{86DE3C40-8B64-4043-9FFD-363E104400BA}.Release|Any CPU.Build.0 = Release|Any CPU
	EndGlobalSection
	GlobalSection(SolutionProperties) = preSolution
		HideSolutionNode = FALSE
	EndGlobalSection
	GlobalSection(ExtensibilityGlobals) = postSolution
		SolutionGuid = {2C43DAC7-55C0-432B-8469-5FAED792926A}
	EndGlobalSection
EndGlobal
